
Microsoft Visual Studio Solution File, Format Version 12.00
# Visual Studio Version 17
VisualStudioVersion = 17.5.002.0
MinimumVisualStudioVersion = 10.0.40219.1
Project("{9A19103F-16F7-4668-BE54-9A1E7A4F7556}") = "console-app", "console-app.csproj", "{1942079D-C4B1-49AD-9AA6-6B91C46C0A76}"
EndProject
Global
	GlobalSection(SolutionConfigurationPlatforms) = preSolution
		Debug|Any CPU = Debug|Any CPU
		Release|Any CPU = Release|Any CPU
	EndGlobalSection
	GlobalSection(ProjectConfigurationPlatforms) = postSolution
		{1942079D-C4B1-49AD-9AA6-6B91C46C0A76}.Debug|Any CPU.ActiveCfg = Debug|Any CPU
		{1942079D-C4B1-49AD-9AA6-6B91C46C0A76}.Debug|Any CPU.Build.0 = Debug|Any CPU
		{1942079D-C4B1-49AD-9AA6-6B91C46C0A76}.Release|Any CPU.ActiveCfg = Release|Any CPU
		{1942079D-C4B1-49AD-9AA6-6B91C46C0A76}.Release|Any CPU.Build.0 = Release|Any CPU
	EndGlobalSection
	GlobalSection(SolutionProperties) = preSolution
		HideSolutionNode = FALSE
	EndGlobalSection
	GlobalSection(ExtensibilityGlobals) = postSolution
		SolutionGuid = {68BAC795-A9EA-480D-BBE4-072C87A836FE}
	EndGlobalSection
EndGlobal
